
Microsoft Visual Studio Solution File, Format Version 12.00
# Visual Studio Version 17
VisualStudioVersion = 17.8.36129.11
MinimumVisualStudioVersion = 10.0.40219.1
Project("{2150E333-8FDC-42A3-9474-1A3956D46DE8}") = "Solution Items", "Solution Items", "{BEDA3054-0F91-4506-AE00-10F20D7320C6}"
	ProjectSection(SolutionItems) = preProject
		.editorconfig = .editorconfig
	EndProjectSection
EndProject
Project("{9A19103F-16F7-4668-BE54-9A1E7A4F7556}") = "Source", "..\Source\Source.csproj", "{F8A8DD28-974D-46AC-91A8-324E2BD1FAE6}"
EndProject
Project("{9A19103F-16F7-4668-BE54-9A1E7A4F7556}") = "WCSharp.Missiles", "..\WCSharp.Missiles\WCSharp.Missiles.csproj", "{FC57984B-01BC-459C-A6A5-7517A420B670}"
EndProject
Project("{9A19103F-16F7-4668-BE54-9A1E7A4F7556}") = "WCSharp.Buffs", "..\WCSharp.Buffs\WCSharp.Buffs.csproj", "{D4FD57E7-1C69-4DB3-8A61-5B7B873E82FF}"
EndProject
Project("{9A19103F-16F7-4668-BE54-9A1E7A4F7556}") = "WCSharp.Dummies", "..\WCSharp.Dummies\WCSharp.Dummies.csproj", "{6405EDC5-2731-4C17-8B78-7685D48E9553}"
EndProject
Project("{9A19103F-16F7-4668-BE54-9A1E7A4F7556}") = "WCSharp.Knockbacks", "..\WCSharp.Knockbacks\WCSharp.Knockbacks.csproj", "{6A1B7505-C4B8-40FD-BE05-06A30C04C32C}"
EndProject
Project("{9A19103F-16F7-4668-BE54-9A1E7A4F7556}") = "WCSharp.Lightnings", "..\WCSharp.Lightnings\WCSharp.Lightnings.csproj", "{5A06EECB-7568-40E1-96DD-1361BF6BD180}"
EndProject
Project("{9A19103F-16F7-4668-BE54-9A1E7A4F7556}") = "WCSharp.SaveLoad", "..\WCSharp.SaveLoad\WCSharp.SaveLoad.csproj", "{75CDE2DF-BAC6-40D7-BEA3-FCB938F0944F}"
EndProject
Project("{9A19103F-16F7-4668-BE54-9A1E7A4F7556}") = "WCSharp.Sync", "..\WCSharp.Sync\WCSharp.Sync.csproj", "{3E333CE1-BD44-4F93-8781-ED1DA16AED68}"
EndProject
Project("{9A19103F-16F7-4668-BE54-9A1E7A4F7556}") = "WCSharp.Json", "..\WCSharp.Json\WCSharp.Json.csproj", "{651CAD53-886F-4A01-A8D6-E5D2B8C8081C}"
EndProject
Project("{9A19103F-16F7-4668-BE54-9A1E7A4F7556}") = "WCSharp.Events", "..\WCSharp.Events\WCSharp.Events.csproj", "{103C7939-99A6-439C-A19D-D454A9D79B55}"
EndProject
Project("{9A19103F-16F7-4668-BE54-9A1E7A4F7556}") = "WCSharp.Effects", "..\WCSharp.Effects\WCSharp.Effects.csproj", "{9D9EEA17-4CCF-4387-946D-855EBA0A015F}"
EndProject
Project("{9A19103F-16F7-4668-BE54-9A1E7A4F7556}") = "WCSharp.Shared", "..\WCSharp.Shared\WCSharp.Shared.csproj", "{60348EAA-DEBB-4FE8-B6C5-4E5D29D58ABA}"
EndProject
Project("{9A19103F-16F7-4668-BE54-9A1E7A4F7556}") = "WCSharp.DateTime", "..\WCSharp.DateTime\WCSharp.DateTime.csproj", "{0C56FA37-6B5B-4D21-BF69-67D942167979}"
EndProject
Project("{9A19103F-16F7-4668-BE54-9A1E7A4F7556}") = "WCSharp.W3MMD", "..\WCSharp.W3MMD\WCSharp.W3MMD.csproj", "{42C82F3C-6ADA-4992-B0A8-D2ED0864B930}"
EndProject
Project("{9A19103F-16F7-4668-BE54-9A1E7A4F7556}") = "WCSharp.Api", "..\WCSharp.Api\WCSharp.Api.csproj", "{2B5F370E-8676-4B43-A12D-C4B2C7D18AC1}"
EndProject
Project("{9A19103F-16F7-4668-BE54-9A1E7A4F7556}") = "Launcher", "..\Launcher\Launcher.csproj", "{EDBEA999-F7DF-4BCE-9FD6-E996B4E7B0E4}"
EndProject
Project("{9A19103F-16F7-4668-BE54-9A1E7A4F7556}") = "War3Net.Build", "..\..\WCSharp.War3Net\src\War3Net.Build\War3Net.Build.csproj", "{D722CEAE-5F40-4563-9EFA-00D315F75F53}"
EndProject
Project("{9A19103F-16F7-4668-BE54-9A1E7A4F7556}") = "War3Net.Build.Core", "..\..\WCSharp.War3Net\src\War3Net.Build.Core\War3Net.Build.Core.csproj", "{3D0693BA-4DBD-4240-BCED-0D8C1663FD8D}"
EndProject
Project("{9A19103F-16F7-4668-BE54-9A1E7A4F7556}") = "War3Net.CodeAnalysis", "..\..\WCSharp.War3Net\src\War3Net.CodeAnalysis\War3Net.CodeAnalysis.csproj", "{4D5DEF52-E347-40CC-B875-340E18E3EDDA}"
EndProject
Project("{9A19103F-16F7-4668-BE54-9A1E7A4F7556}") = "War3Net.CodeAnalysis.Decompilers", "..\..\WCSharp.War3Net\src\War3Net.CodeAnalysis.Decompilers\War3Net.CodeAnalysis.Decompilers.csproj", "{6F88AFBB-F02B-439F-A404-D288E24A7592}"
EndProject
Project("{9A19103F-16F7-4668-BE54-9A1E7A4F7556}") = "War3Net.CodeAnalysis.Jass", "..\..\WCSharp.War3Net\src\War3Net.CodeAnalysis.Jass\War3Net.CodeAnalysis.Jass.csproj", "{3EC5E9A9-1C42-4644-8A59-A66ABB76B867}"
EndProject
Project("{9A19103F-16F7-4668-BE54-9A1E7A4F7556}") = "War3Net.CodeAnalysis.Transpilers", "..\..\WCSharp.War3Net\src\War3Net.CodeAnalysis.Transpilers\War3Net.CodeAnalysis.Transpilers.csproj", "{2FFE1E9D-2837-4E5D-B270-76AC15E3EE6C}"
EndProject
Project("{9A19103F-16F7-4668-BE54-9A1E7A4F7556}") = "War3Net.Common", "..\..\WCSharp.War3Net\src\War3Net.Common\War3Net.Common.csproj", "{EC4AD8D1-654B-4624-BC5B-5786E040E924}"
EndProject
Project("{9A19103F-16F7-4668-BE54-9A1E7A4F7556}") = "War3Net.IO.Compression", "..\..\WCSharp.War3Net\src\War3Net.IO.Compression\War3Net.IO.Compression.csproj", "{A5344D03-5D5B-49F8-BFDE-DAEF15F3C5A1}"
EndProject
Project("{9A19103F-16F7-4668-BE54-9A1E7A4F7556}") = "War3Net.IO.Mpq", "..\..\WCSharp.War3Net\src\War3Net.IO.Mpq\War3Net.IO.Mpq.csproj", "{6243A2ED-5C17-4628-BB4A-CBAA0A044F7C}"
EndProject
Project("{9A19103F-16F7-4668-BE54-9A1E7A4F7556}") = "War3Net.IO.Slk", "..\..\WCSharp.War3Net\src\War3Net.IO.Slk\War3Net.IO.Slk.csproj", "{2E6BAB39-7B1E-45B5-9003-3FBED1EADE7C}"
EndProject
Project("{9A19103F-16F7-4668-BE54-9A1E7A4F7556}") = "CSharp.lua", "..\..\CSharp.lua\CSharp.lua\CSharp.lua.csproj", "{097EEF93-42C0-4A38-8C1A-0688B4E55870}"
EndProject
Project("{9A19103F-16F7-4668-BE54-9A1E7A4F7556}") = "CSharp.lua.CoreSystem", "..\..\CSharp.lua\CSharp.lua.CoreSystem\CSharp.lua.CoreSystem.csproj", "{C42CC239-6EED-4684-A979-8FEA2FA22D94}"
EndProject
Project("{9A19103F-16F7-4668-BE54-9A1E7A4F7556}") = "WCSharp.ConstantGenerator", "..\..\WCSharp.ConstantGenerator\WCSharp.ConstantGenerator\WCSharp.ConstantGenerator.csproj", "{4603FBA7-CBE4-4298-93DB-F746D1366B3B}"
EndProject
Global
	GlobalSection(SolutionConfigurationPlatforms) = preSolution
		CSharpLuaDev|Any CPU = CSharpLuaDev|Any CPU
		Debug|Any CPU = Debug|Any CPU
		Release|Any CPU = Release|Any CPU
	EndGlobalSection
	GlobalSection(ProjectConfigurationPlatforms) = postSolution
		{F8A8DD28-974D-46AC-91A8-324E2BD1FAE6}.CSharpLuaDev|Any CPU.ActiveCfg = Debug|Any CPU
		{F8A8DD28-974D-46AC-91A8-324E2BD1FAE6}.CSharpLuaDev|Any CPU.Build.0 = Debug|Any CPU
		{F8A8DD28-974D-46AC-91A8-324E2BD1FAE6}.Debug|Any CPU.ActiveCfg = Debug|Any CPU
		{F8A8DD28-974D-46AC-91A8-324E2BD1FAE6}.Debug|Any CPU.Build.0 = Debug|Any CPU
		{F8A8DD28-974D-46AC-91A8-324E2BD1FAE6}.Release|Any CPU.ActiveCfg = Release|Any CPU
		{F8A8DD28-974D-46AC-91A8-324E2BD1FAE6}.Release|Any CPU.Build.0 = Release|Any CPU
		{FC57984B-01BC-459C-A6A5-7517A420B670}.CSharpLuaDev|Any CPU.ActiveCfg = Debug|Any CPU
		{FC57984B-01BC-459C-A6A5-7517A420B670}.CSharpLuaDev|Any CPU.Build.0 = Debug|Any CPU
		{FC57984B-01BC-459C-A6A5-7517A420B670}.Debug|Any CPU.ActiveCfg = Debug|Any CPU
		{FC57984B-01BC-459C-A6A5-7517A420B670}.Debug|Any CPU.Build.0 = Debug|Any CPU
		{FC57984B-01BC-459C-A6A5-7517A420B670}.Release|Any CPU.ActiveCfg = Release|Any CPU
		{FC57984B-01BC-459C-A6A5-7517A420B670}.Release|Any CPU.Build.0 = Release|Any CPU
		{D4FD57E7-1C69-4DB3-8A61-5B7B873E82FF}.CSharpLuaDev|Any CPU.ActiveCfg = Debug|Any CPU
		{D4FD57E7-1C69-4DB3-8A61-5B7B873E82FF}.CSharpLuaDev|Any CPU.Build.0 = Debug|Any CPU
		{D4FD57E7-1C69-4DB3-8A61-5B7B873E82FF}.Debug|Any CPU.ActiveCfg = Debug|Any CPU
		{D4FD57E7-1C69-4DB3-8A61-5B7B873E82FF}.Debug|Any CPU.Build.0 = Debug|Any CPU
		{D4FD57E7-1C69-4DB3-8A61-5B7B873E82FF}.Release|Any CPU.ActiveCfg = Release|Any CPU
		{D4FD57E7-1C69-4DB3-8A61-5B7B873E82FF}.Release|Any CPU.Build.0 = Release|Any CPU
		{6405EDC5-2731-4C17-8B78-7685D48E9553}.CSharpLuaDev|Any CPU.ActiveCfg = Debug|Any CPU
		{6405EDC5-2731-4C17-8B78-7685D48E9553}.CSharpLuaDev|Any CPU.Build.0 = Debug|Any CPU
		{6405EDC5-2731-4C17-8B78-7685D48E9553}.Debug|Any CPU.ActiveCfg = Debug|Any CPU
		{6405EDC5-2731-4C17-8B78-7685D48E9553}.Debug|Any CPU.Build.0 = Debug|Any CPU
		{6405EDC5-2731-4C17-8B78-7685D48E9553}.Release|Any CPU.ActiveCfg = Release|Any CPU
		{6405EDC5-2731-4C17-8B78-7685D48E9553}.Release|Any CPU.Build.0 = Release|Any CPU
		{6A1B7505-C4B8-40FD-BE05-06A30C04C32C}.CSharpLuaDev|Any CPU.ActiveCfg = Debug|Any CPU
		{6A1B7505-C4B8-40FD-BE05-06A30C04C32C}.CSharpLuaDev|Any CPU.Build.0 = Debug|Any CPU
		{6A1B7505-C4B8-40FD-BE05-06A30C04C32C}.Debug|Any CPU.ActiveCfg = Debug|Any CPU
		{6A1B7505-C4B8-40FD-BE05-06A30C04C32C}.Debug|Any CPU.Build.0 = Debug|Any CPU
		{6A1B7505-C4B8-40FD-BE05-06A30C04C32C}.Release|Any CPU.ActiveCfg = Release|Any CPU
		{6A1B7505-C4B8-40FD-BE05-06A30C04C32C}.Release|Any CPU.Build.0 = Release|Any CPU
		{5A06EECB-7568-40E1-96DD-1361BF6BD180}.CSharpLuaDev|Any CPU.ActiveCfg = Debug|Any CPU
		{5A06EECB-7568-40E1-96DD-1361BF6BD180}.CSharpLuaDev|Any CPU.Build.0 = Debug|Any CPU
		{5A06EECB-7568-40E1-96DD-1361BF6BD180}.Debug|Any CPU.ActiveCfg = Debug|Any CPU
		{5A06EECB-7568-40E1-96DD-1361BF6BD180}.Debug|Any CPU.Build.0 = Debug|Any CPU
		{5A06EECB-7568-40E1-96DD-1361BF6BD180}.Release|Any CPU.ActiveCfg = Release|Any CPU
		{5A06EECB-7568-40E1-96DD-1361BF6BD180}.Release|Any CPU.Build.0 = Release|Any CPU
		{75CDE2DF-BAC6-40D7-BEA3-FCB938F0944F}.CSharpLuaDev|Any CPU.ActiveCfg = Debug|Any CPU
		{75CDE2DF-BAC6-40D7-BEA3-FCB938F0944F}.CSharpLuaDev|Any CPU.Build.0 = Debug|Any CPU
		{75CDE2DF-BAC6-40D7-BEA3-FCB938F0944F}.Debug|Any CPU.ActiveCfg = Debug|Any CPU
		{75CDE2DF-BAC6-40D7-BEA3-FCB938F0944F}.Debug|Any CPU.Build.0 = Debug|Any CPU
		{75CDE2DF-BAC6-40D7-BEA3-FCB938F0944F}.Release|Any CPU.ActiveCfg = Release|Any CPU
		{75CDE2DF-BAC6-40D7-BEA3-FCB938F0944F}.Release|Any CPU.Build.0 = Release|Any CPU
		{3E333CE1-BD44-4F93-8781-ED1DA16AED68}.CSharpLuaDev|Any CPU.ActiveCfg = Debug|Any CPU
		{3E333CE1-BD44-4F93-8781-ED1DA16AED68}.CSharpLuaDev|Any CPU.Build.0 = Debug|Any CPU
		{3E333CE1-BD44-4F93-8781-ED1DA16AED68}.Debug|Any CPU.ActiveCfg = Debug|Any CPU
		{3E333CE1-BD44-4F93-8781-ED1DA16AED68}.Debug|Any CPU.Build.0 = Debug|Any CPU
		{3E333CE1-BD44-4F93-8781-ED1DA16AED68}.Release|Any CPU.ActiveCfg = Release|Any CPU
		{3E333CE1-BD44-4F93-8781-ED1DA16AED68}.Release|Any CPU.Build.0 = Release|Any CPU
		{651CAD53-886F-4A01-A8D6-E5D2B8C8081C}.CSharpLuaDev|Any CPU.ActiveCfg = Debug|Any CPU
		{651CAD53-886F-4A01-A8D6-E5D2B8C8081C}.CSharpLuaDev|Any CPU.Build.0 = Debug|Any CPU
		{651CAD53-886F-4A01-A8D6-E5D2B8C8081C}.Debug|Any CPU.ActiveCfg = Debug|Any CPU
		{651CAD53-886F-4A01-A8D6-E5D2B8C8081C}.Debug|Any CPU.Build.0 = Debug|Any CPU
		{651CAD53-886F-4A01-A8D6-E5D2B8C8081C}.Release|Any CPU.ActiveCfg = Release|Any CPU
		{651CAD53-886F-4A01-A8D6-E5D2B8C8081C}.Release|Any CPU.Build.0 = Release|Any CPU
		{103C7939-99A6-439C-A19D-D454A9D79B55}.CSharpLuaDev|Any CPU.ActiveCfg = Debug|Any CPU
		{103C7939-99A6-439C-A19D-D454A9D79B55}.CSharpLuaDev|Any CPU.Build.0 = Debug|Any CPU
		{103C7939-99A6-439C-A19D-D454A9D79B55}.Debug|Any CPU.ActiveCfg = Debug|Any CPU
		{103C7939-99A6-439C-A19D-D454A9D79B55}.Debug|Any CPU.Build.0 = Debug|Any CPU
		{103C7939-99A6-439C-A19D-D454A9D79B55}.Release|Any CPU.ActiveCfg = Release|Any CPU
		{103C7939-99A6-439C-A19D-D454A9D79B55}.Release|Any CPU.Build.0 = Release|Any CPU
		{9D9EEA17-4CCF-4387-946D-855EBA0A015F}.CSharpLuaDev|Any CPU.ActiveCfg = Debug|Any CPU
		{9D9EEA17-4CCF-4387-946D-855EBA0A015F}.CSharpLuaDev|Any CPU.Build.0 = Debug|Any CPU
		{9D9EEA17-4CCF-4387-946D-855EBA0A015F}.Debug|Any CPU.ActiveCfg = Debug|Any CPU
		{9D9EEA17-4CCF-4387-946D-855EBA0A015F}.Debug|Any CPU.Build.0 = Debug|Any CPU
		{9D9EEA17-4CCF-4387-946D-855EBA0A015F}.Release|Any CPU.ActiveCfg = Release|Any CPU
		{9D9EEA17-4CCF-4387-946D-855EBA0A015F}.Release|Any CPU.Build.0 = Release|Any CPU
		{60348EAA-DEBB-4FE8-B6C5-4E5D29D58ABA}.CSharpLuaDev|Any CPU.ActiveCfg = Debug|Any CPU
		{60348EAA-DEBB-4FE8-B6C5-4E5D29D58ABA}.CSharpLuaDev|Any CPU.Build.0 = Debug|Any CPU
		{60348EAA-DEBB-4FE8-B6C5-4E5D29D58ABA}.Debug|Any CPU.ActiveCfg = Debug|Any CPU
		{60348EAA-DEBB-4FE8-B6C5-4E5D29D58ABA}.Debug|Any CPU.Build.0 = Debug|Any CPU
		{60348EAA-DEBB-4FE8-B6C5-4E5D29D58ABA}.Release|Any CPU.ActiveCfg = Release|Any CPU
		{60348EAA-DEBB-4FE8-B6C5-4E5D29D58ABA}.Release|Any CPU.Build.0 = Release|Any CPU
		{0C56FA37-6B5B-4D21-BF69-67D942167979}.CSharpLuaDev|Any CPU.ActiveCfg = Debug|Any CPU
		{0C56FA37-6B5B-4D21-BF69-67D942167979}.CSharpLuaDev|Any CPU.Build.0 = Debug|Any CPU
		{0C56FA37-6B5B-4D21-BF69-67D942167979}.Debug|Any CPU.ActiveCfg = Debug|Any CPU
		{0C56FA37-6B5B-4D21-BF69-67D942167979}.Debug|Any CPU.Build.0 = Debug|Any CPU
		{0C56FA37-6B5B-4D21-BF69-67D942167979}.Release|Any CPU.ActiveCfg = Release|Any CPU
		{0C56FA37-6B5B-4D21-BF69-67D942167979}.Release|Any CPU.Build.0 = Release|Any CPU
		{42C82F3C-6ADA-4992-B0A8-D2ED0864B930}.CSharpLuaDev|Any CPU.ActiveCfg = Debug|Any CPU
		{42C82F3C-6ADA-4992-B0A8-D2ED0864B930}.CSharpLuaDev|Any CPU.Build.0 = Debug|Any CPU
		{42C82F3C-6ADA-4992-B0A8-D2ED0864B930}.Debug|Any CPU.ActiveCfg = Debug|Any CPU
		{42C82F3C-6ADA-4992-B0A8-D2ED0864B930}.Debug|Any CPU.Build.0 = Debug|Any CPU
		{42C82F3C-6ADA-4992-B0A8-D2ED0864B930}.Release|Any CPU.ActiveCfg = Release|Any CPU
		{42C82F3C-6ADA-4992-B0A8-D2ED0864B930}.Release|Any CPU.Build.0 = Release|Any CPU
		{2B5F370E-8676-4B43-A12D-C4B2C7D18AC1}.CSharpLuaDev|Any CPU.ActiveCfg = Debug|Any CPU
		{2B5F370E-8676-4B43-A12D-C4B2C7D18AC1}.CSharpLuaDev|Any CPU.Build.0 = Debug|Any CPU
		{2B5F370E-8676-4B43-A12D-C4B2C7D18AC1}.Debug|Any CPU.ActiveCfg = Debug|Any CPU
		{2B5F370E-8676-4B43-A12D-C4B2C7D18AC1}.Debug|Any CPU.Build.0 = Debug|Any CPU
		{2B5F370E-8676-4B43-A12D-C4B2C7D18AC1}.Release|Any CPU.ActiveCfg = Release|Any CPU
		{2B5F370E-8676-4B43-A12D-C4B2C7D18AC1}.Release|Any CPU.Build.0 = Release|Any CPU
		{EDBEA999-F7DF-4BCE-9FD6-E996B4E7B0E4}.CSharpLuaDev|Any CPU.ActiveCfg = CSharpLuaDev|Any CPU
		{EDBEA999-F7DF-4BCE-9FD6-E996B4E7B0E4}.CSharpLuaDev|Any CPU.Build.0 = CSharpLuaDev|Any CPU
		{EDBEA999-F7DF-4BCE-9FD6-E996B4E7B0E4}.Debug|Any CPU.ActiveCfg = Debug|Any CPU
		{EDBEA999-F7DF-4BCE-9FD6-E996B4E7B0E4}.Debug|Any CPU.Build.0 = Debug|Any CPU
		{EDBEA999-F7DF-4BCE-9FD6-E996B4E7B0E4}.Release|Any CPU.ActiveCfg = Release|Any CPU
		{EDBEA999-F7DF-4BCE-9FD6-E996B4E7B0E4}.Release|Any CPU.Build.0 = Release|Any CPU
		{D722CEAE-5F40-4563-9EFA-00D315F75F53}.CSharpLuaDev|Any CPU.ActiveCfg = CSharpLuaDev|Any CPU
		{D722CEAE-5F40-4563-9EFA-00D315F75F53}.CSharpLuaDev|Any CPU.Build.0 = CSharpLuaDev|Any CPU
		{D722CEAE-5F40-4563-9EFA-00D315F75F53}.Debug|Any CPU.ActiveCfg = Debug|Any CPU
		{D722CEAE-5F40-4563-9EFA-00D315F75F53}.Debug|Any CPU.Build.0 = Debug|Any CPU
		{D722CEAE-5F40-4563-9EFA-00D315F75F53}.Release|Any CPU.ActiveCfg = Release|Any CPU
		{D722CEAE-5F40-4563-9EFA-00D315F75F53}.Release|Any CPU.Build.0 = Release|Any CPU
		{3D0693BA-4DBD-4240-BCED-0D8C1663FD8D}.CSharpLuaDev|Any CPU.ActiveCfg = CSharpLuaDev|Any CPU
		{3D0693BA-4DBD-4240-BCED-0D8C1663FD8D}.CSharpLuaDev|Any CPU.Build.0 = CSharpLuaDev|Any CPU
		{3D0693BA-4DBD-4240-BCED-0D8C1663FD8D}.Debug|Any CPU.ActiveCfg = Debug|Any CPU
		{3D0693BA-4DBD-4240-BCED-0D8C1663FD8D}.Debug|Any CPU.Build.0 = Debug|Any CPU
		{3D0693BA-4DBD-4240-BCED-0D8C1663FD8D}.Release|Any CPU.ActiveCfg = Release|Any CPU
		{3D0693BA-4DBD-4240-BCED-0D8C1663FD8D}.Release|Any CPU.Build.0 = Release|Any CPU
		{4D5DEF52-E347-40CC-B875-340E18E3EDDA}.CSharpLuaDev|Any CPU.ActiveCfg = CSharpLuaDev|Any CPU
		{4D5DEF52-E347-40CC-B875-340E18E3EDDA}.CSharpLuaDev|Any CPU.Build.0 = CSharpLuaDev|Any CPU
		{4D5DEF52-E347-40CC-B875-340E18E3EDDA}.Debug|Any CPU.ActiveCfg = Debug|Any CPU
		{4D5DEF52-E347-40CC-B875-340E18E3EDDA}.Debug|Any CPU.Build.0 = Debug|Any CPU
		{4D5DEF52-E347-40CC-B875-340E18E3EDDA}.Release|Any CPU.ActiveCfg = Release|Any CPU
		{4D5DEF52-E347-40CC-B875-340E18E3EDDA}.Release|Any CPU.Build.0 = Release|Any CPU
		{6F88AFBB-F02B-439F-A404-D288E24A7592}.CSharpLuaDev|Any CPU.ActiveCfg = CSharpLuaDev|Any CPU
		{6F88AFBB-F02B-439F-A404-D288E24A7592}.CSharpLuaDev|Any CPU.Build.0 = CSharpLuaDev|Any CPU
		{6F88AFBB-F02B-439F-A404-D288E24A7592}.Debug|Any CPU.ActiveCfg = Debug|Any CPU
		{6F88AFBB-F02B-439F-A404-D288E24A7592}.Debug|Any CPU.Build.0 = Debug|Any CPU
		{6F88AFBB-F02B-439F-A404-D288E24A7592}.Release|Any CPU.ActiveCfg = Release|Any CPU
		{6F88AFBB-F02B-439F-A404-D288E24A7592}.Release|Any CPU.Build.0 = Release|Any CPU
		{3EC5E9A9-1C42-4644-8A59-A66ABB76B867}.CSharpLuaDev|Any CPU.ActiveCfg = CSharpLuaDev|Any CPU
		{3EC5E9A9-1C42-4644-8A59-A66ABB76B867}.CSharpLuaDev|Any CPU.Build.0 = CSharpLuaDev|Any CPU
		{3EC5E9A9-1C42-4644-8A59-A66ABB76B867}.Debug|Any CPU.ActiveCfg = Debug|Any CPU
		{3EC5E9A9-1C42-4644-8A59-A66ABB76B867}.Debug|Any CPU.Build.0 = Debug|Any CPU
		{3EC5E9A9-1C42-4644-8A59-A66ABB76B867}.Release|Any CPU.ActiveCfg = Release|Any CPU
		{3EC5E9A9-1C42-4644-8A59-A66ABB76B867}.Release|Any CPU.Build.0 = Release|Any CPU
		{2FFE1E9D-2837-4E5D-B270-76AC15E3EE6C}.CSharpLuaDev|Any CPU.ActiveCfg = CSharpLuaDev|Any CPU
		{2FFE1E9D-2837-4E5D-B270-76AC15E3EE6C}.CSharpLuaDev|Any CPU.Build.0 = CSharpLuaDev|Any CPU
		{2FFE1E9D-2837-4E5D-B270-76AC15E3EE6C}.Debug|Any CPU.ActiveCfg = Debug|Any CPU
		{2FFE1E9D-2837-4E5D-B270-76AC15E3EE6C}.Debug|Any CPU.Build.0 = Debug|Any CPU
		{2FFE1E9D-2837-4E5D-B270-76AC15E3EE6C}.Release|Any CPU.ActiveCfg = Release|Any CPU
		{2FFE1E9D-2837-4E5D-B270-76AC15E3EE6C}.Release|Any CPU.Build.0 = Release|Any CPU
		{EC4AD8D1-654B-4624-BC5B-5786E040E924}.CSharpLuaDev|Any CPU.ActiveCfg = CSharpLuaDev|Any CPU
		{EC4AD8D1-654B-4624-BC5B-5786E040E924}.CSharpLuaDev|Any CPU.Build.0 = CSharpLuaDev|Any CPU
		{EC4AD8D1-654B-4624-BC5B-5786E040E924}.Debug|Any CPU.ActiveCfg = Debug|Any CPU
		{EC4AD8D1-654B-4624-BC5B-5786E040E924}.Debug|Any CPU.Build.0 = Debug|Any CPU
		{EC4AD8D1-654B-4624-BC5B-5786E040E924}.Release|Any CPU.ActiveCfg = Release|Any CPU
		{EC4AD8D1-654B-4624-BC5B-5786E040E924}.Release|Any CPU.Build.0 = Release|Any CPU
		{A5344D03-5D5B-49F8-BFDE-DAEF15F3C5A1}.CSharpLuaDev|Any CPU.ActiveCfg = CSharpLuaDev|Any CPU
		{A5344D03-5D5B-49F8-BFDE-DAEF15F3C5A1}.CSharpLuaDev|Any CPU.Build.0 = CSharpLuaDev|Any CPU
		{A5344D03-5D5B-49F8-BFDE-DAEF15F3C5A1}.Debug|Any CPU.ActiveCfg = Debug|Any CPU
		{A5344D03-5D5B-49F8-BFDE-DAEF15F3C5A1}.Debug|Any CPU.Build.0 = Debug|Any CPU
		{A5344D03-5D5B-49F8-BFDE-DAEF15F3C5A1}.Release|Any CPU.ActiveCfg = Release|Any CPU
		{A5344D03-5D5B-49F8-BFDE-DAEF15F3C5A1}.Release|Any CPU.Build.0 = Release|Any CPU
		{6243A2ED-5C17-4628-BB4A-CBAA0A044F7C}.CSharpLuaDev|Any CPU.ActiveCfg = CSharpLuaDev|Any CPU
		{6243A2ED-5C17-4628-BB4A-CBAA0A044F7C}.CSharpLuaDev|Any CPU.Build.0 = CSharpLuaDev|Any CPU
		{6243A2ED-5C17-4628-BB4A-CBAA0A044F7C}.Debug|Any CPU.ActiveCfg = Debug|Any CPU
		{6243A2ED-5C17-4628-BB4A-CBAA0A044F7C}.Debug|Any CPU.Build.0 = Debug|Any CPU
		{6243A2ED-5C17-4628-BB4A-CBAA0A044F7C}.Release|Any CPU.ActiveCfg = Release|Any CPU
		{6243A2ED-5C17-4628-BB4A-CBAA0A044F7C}.Release|Any CPU.Build.0 = Release|Any CPU
		{2E6BAB39-7B1E-45B5-9003-3FBED1EADE7C}.CSharpLuaDev|Any CPU.ActiveCfg = CSharpLuaDev|Any CPU
		{2E6BAB39-7B1E-45B5-9003-3FBED1EADE7C}.CSharpLuaDev|Any CPU.Build.0 = CSharpLuaDev|Any CPU
		{2E6BAB39-7B1E-45B5-9003-3FBED1EADE7C}.Debug|Any CPU.ActiveCfg = Debug|Any CPU
		{2E6BAB39-7B1E-45B5-9003-3FBED1EADE7C}.Debug|Any CPU.Build.0 = Debug|Any CPU
		{2E6BAB39-7B1E-45B5-9003-3FBED1EADE7C}.Release|Any CPU.ActiveCfg = Release|Any CPU
		{2E6BAB39-7B1E-45B5-9003-3FBED1EADE7C}.Release|Any CPU.Build.0 = Release|Any CPU
		{097EEF93-42C0-4A38-8C1A-0688B4E55870}.CSharpLuaDev|Any CPU.ActiveCfg = CSharpLuaDev|Any CPU
		{097EEF93-42C0-4A38-8C1A-0688B4E55870}.CSharpLuaDev|Any CPU.Build.0 = CSharpLuaDev|Any CPU
		{097EEF93-42C0-4A38-8C1A-0688B4E55870}.Debug|Any CPU.ActiveCfg = Debug|Any CPU
		{097EEF93-42C0-4A38-8C1A-0688B4E55870}.Debug|Any CPU.Build.0 = Debug|Any CPU
		{097EEF93-42C0-4A38-8C1A-0688B4E55870}.Release|Any CPU.ActiveCfg = Release|Any CPU
		{097EEF93-42C0-4A38-8C1A-0688B4E55870}.Release|Any CPU.Build.0 = Release|Any CPU
		{C42CC239-6EED-4684-A979-8FEA2FA22D94}.CSharpLuaDev|Any CPU.ActiveCfg = CSharpLuaDev|Any CPU
		{C42CC239-6EED-4684-A979-8FEA2FA22D94}.CSharpLuaDev|Any CPU.Build.0 = CSharpLuaDev|Any CPU
		{C42CC239-6EED-4684-A979-8FEA2FA22D94}.Debug|Any CPU.ActiveCfg = Debug|Any CPU
		{C42CC239-6EED-4684-A979-8FEA2FA22D94}.Debug|Any CPU.Build.0 = Debug|Any CPU
		{C42CC239-6EED-4684-A979-8FEA2FA22D94}.Release|Any CPU.ActiveCfg = Release|Any CPU
		{C42CC239-6EED-4684-A979-8FEA2FA22D94}.Release|Any CPU.Build.0 = Release|Any CPU
		{4603FBA7-CBE4-4298-93DB-F746D1366B3B}.CSharpLuaDev|Any CPU.ActiveCfg = Debug|Any CPU
		{4603FBA7-CBE4-4298-93DB-F746D1366B3B}.CSharpLuaDev|Any CPU.Build.0 = Debug|Any CPU
		{4603FBA7-CBE4-4298-93DB-F746D1366B3B}.Debug|Any CPU.ActiveCfg = Debug|Any CPU
		{4603FBA7-CBE4-4298-93DB-F746D1366B3B}.Debug|Any CPU.Build.0 = Debug|Any CPU
		{4603FBA7-CBE4-4298-93DB-F746D1366B3B}.Release|Any CPU.ActiveCfg = Release|Any CPU
		{4603FBA7-CBE4-4298-93DB-F746D1366B3B}.Release|Any CPU.Build.0 = Release|Any CPU
	EndGlobalSection
	GlobalSection(SolutionProperties) = preSolution
		HideSolutionNode = FALSE
	EndGlobalSection
	GlobalSection(ExtensibilityGlobals) = postSolution
		SolutionGuid = {ED5736C9-FCF9-411C-A211-C1C48F61D9AB}
	EndGlobalSection
EndGlobal
